
Microsoft Visual Studio Solution File, Format Version 12.00
# Visual Studio 15
Project("{FAE04EC0-301F-11D3-BF4B-00C04F79EFBC}") = "Assembly-CSharp", "Assembly-CSharp.csproj", "{849FBF80-D123-1DA4-31C1-3AB1FEEF6921}"
EndProject
Project("{FAE04EC0-301F-11D3-BF4B-00C04F79EFBC}") = "NavMeshComponents", "NavMeshComponents.csproj", "{EDD9E0A7-8372-5566-717E-F1201B5F4F10}"
EndProject
Project("{FAE04EC0-301F-11D3-BF4B-00C04F79EFBC}") = "NavMeshComponentsEditor", "NavMeshComponentsEditor.csproj", "{42237A6C-8444-FBAC-C8E8-738CF869F409}"
EndProject
Project("{FAE04EC0-301F-11D3-BF4B-00C04F79EFBC}") = "Assembly-CSharp-Editor", "Assembly-CSharp-Editor.csproj", "{763144D7-9979-395D-6AAF-F8DA04613392}"
EndProject
Global
	GlobalSection(SolutionConfigurationPlatforms) = preSolution
		Debug|Any CPU = Debug|Any CPU
		Release|Any CPU = Release|Any CPU
	EndGlobalSection
	GlobalSection(ProjectConfigurationPlatforms) = postSolution
		{849FBF80-D123-1DA4-31C1-3AB1FEEF6921}.Debug|Any CPU.ActiveCfg = Debug|Any CPU
		{849FBF80-D123-1DA4-31C1-3AB1FEEF6921}.Debug|Any CPU.Build.0 = Debug|Any CPU
		{849FBF80-D123-1DA4-31C1-3AB1FEEF6921}.Release|Any CPU.ActiveCfg = Release|Any CPU
		{849FBF80-D123-1DA4-31C1-3AB1FEEF6921}.Release|Any CPU.Build.0 = Release|Any CPU
		{EDD9E0A7-8372-5566-717E-F1201B5F4F10}.Debug|Any CPU.ActiveCfg = Debug|Any CPU
		{EDD9E0A7-8372-5566-717E-F1201B5F4F10}.Debug|Any CPU.Build.0 = Debug|Any CPU
		{EDD9E0A7-8372-5566-717E-F1201B5F4F10}.Release|Any CPU.ActiveCfg = Release|Any CPU
		{EDD9E0A7-8372-5566-717E-F1201B5F4F10}.Release|Any CPU.Build.0 = Release|Any CPU
		{42237A6C-8444-FBAC-C8E8-738CF869F409}.Debug|Any CPU.ActiveCfg = Debug|Any CPU
		{42237A6C-8444-FBAC-C8E8-738CF869F409}.Debug|Any CPU.Build.0 = Debug|Any CPU
		{42237A6C-8444-FBAC-C8E8-738CF869F409}.Release|Any CPU.ActiveCfg = Release|Any CPU
		{42237A6C-8444-FBAC-C8E8-738CF869F409}.Release|Any CPU.Build.0 = Release|Any CPU
		{763144D7-9979-395D-6AAF-F8DA04613392}.Debug|Any CPU.ActiveCfg = Debug|Any CPU
		{763144D7-9979-395D-6AAF-F8DA04613392}.Debug|Any CPU.Build.0 = Debug|Any CPU
		{763144D7-9979-395D-6AAF-F8DA04613392}.Release|Any CPU.ActiveCfg = Release|Any CPU
		{763144D7-9979-395D-6AAF-F8DA04613392}.Release|Any CPU.Build.0 = Release|Any CPU
	EndGlobalSection
	GlobalSection(SolutionProperties) = preSolution
		HideSolutionNode = FALSE
	EndGlobalSection
EndGlobal
